
Microsoft Visual Studio Solution File, Format Version 12.00
# Visual Studio 15
Project("{FAE04EC0-301F-11D3-BF4B-00C04F79EFBC}") = "Assembly-CSharp", "Assembly-CSharp.csproj", "{750AADAB-8D01-30F2-10E5-BC1A74F7445B}"
EndProject
Project("{FAE04EC0-301F-11D3-BF4B-00C04F79EFBC}") = "Assembly-CSharp-Editor", "Assembly-CSharp-Editor.csproj", "{FD0FEBEF-E0C0-18ED-1A9D-5D19F64134EA}"
EndProject
Global
	GlobalSection(SolutionConfigurationPlatforms) = preSolution
		Debug|Any CPU = Debug|Any CPU
		Release|Any CPU = Release|Any CPU
	EndGlobalSection
	GlobalSection(ProjectConfigurationPlatforms) = postSolution
		{750AADAB-8D01-30F2-10E5-BC1A74F7445B}.Debug|Any CPU.ActiveCfg = Debug|Any CPU
		{750AADAB-8D01-30F2-10E5-BC1A74F7445B}.Debug|Any CPU.Build.0 = Debug|Any CPU
		{750AADAB-8D01-30F2-10E5-BC1A74F7445B}.Release|Any CPU.ActiveCfg = Release|Any CPU
		{750AADAB-8D01-30F2-10E5-BC1A74F7445B}.Release|Any CPU.Build.0 = Release|Any CPU
		{FD0FEBEF-E0C0-18ED-1A9D-5D19F64134EA}.Debug|Any CPU.ActiveCfg = Debug|Any CPU
		{FD0FEBEF-E0C0-18ED-1A9D-5D19F64134EA}.Debug|Any CPU.Build.0 = Debug|Any CPU
		{FD0FEBEF-E0C0-18ED-1A9D-5D19F64134EA}.Release|Any CPU.ActiveCfg = Release|Any CPU
		{FD0FEBEF-E0C0-18ED-1A9D-5D19F64134EA}.Release|Any CPU.Build.0 = Release|Any CPU
	EndGlobalSection
	GlobalSection(SolutionProperties) = preSolution
		HideSolutionNode = FALSE
	EndGlobalSection
EndGlobal
